
Microsoft Visual Studio Solution File, Format Version 12.00
# Visual Studio 2012
Project("{E24C65DC-7377-472B-9ABA-BC803B73C61A}") = "WebWunderMail", "http://localhost:50970", "{944B6D71-BE01-4C5B-9AED-CD44C5295980}"
	ProjectSection(WebsiteProperties) = preProject
		UseIISExpress = "true"
		TargetFrameworkMoniker = ".NETFramework,Version%3Dv4.5"
		ProjectReferences = ""
		Debug.AspNetCompiler.VirtualPath = "/localhost_50970"
		Debug.AspNetCompiler.PhysicalPath = "..\..\WebSites\WebWunderMail\"
		Debug.AspNetCompiler.TargetPath = "PrecompiledWeb\localhost_50970\"
		Debug.AspNetCompiler.Updateable = "true"
		Debug.AspNetCompiler.ForceOverwrite = "true"
		Debug.AspNetCompiler.FixedNames = "false"
		Debug.AspNetCompiler.Debug = "True"
		Release.AspNetCompiler.VirtualPath = "/localhost_50970"
		Release.AspNetCompiler.PhysicalPath = "..\..\WebSites\WebWunderMail\"
		Release.AspNetCompiler.TargetPath = "PrecompiledWeb\localhost_50970\"
		Release.AspNetCompiler.Updateable = "true"
		Release.AspNetCompiler.ForceOverwrite = "true"
		Release.AspNetCompiler.FixedNames = "false"
		Release.AspNetCompiler.Debug = "False"
		SlnRelativePath = "..\..\WebSites\WebWunderMail\"
		DefaultWebSiteLanguage = "Visual C#"
	EndProjectSection
EndProject
Global
	GlobalSection(SolutionConfigurationPlatforms) = preSolution
		Debug|Any CPU = Debug|Any CPU
		Release|Any CPU = Release|Any CPU
	EndGlobalSection
	GlobalSection(ProjectConfigurationPlatforms) = postSolution
		{944B6D71-BE01-4C5B-9AED-CD44C5295980}.Debug|Any CPU.ActiveCfg = Debug|Any CPU
		{944B6D71-BE01-4C5B-9AED-CD44C5295980}.Debug|Any CPU.Build.0 = Debug|Any CPU
		{944B6D71-BE01-4C5B-9AED-CD44C5295980}.Release|Any CPU.ActiveCfg = Debug|Any CPU
		{944B6D71-BE01-4C5B-9AED-CD44C5295980}.Release|Any CPU.Build.0 = Debug|Any CPU
	EndGlobalSection
	GlobalSection(SolutionProperties) = preSolution
		HideSolutionNode = FALSE
	EndGlobalSection
EndGlobal
