
Microsoft Visual Studio Solution File, Format Version 12.00
# Visual Studio 2012
Project("{E24C65DC-7377-472B-9ABA-BC803B73C61A}") = "GoDaddy", "http://localhost:52182", "{29ECEB84-742E-489C-B1E5-B67239250E1F}"
	ProjectSection(WebsiteProperties) = preProject
		UseIISExpress = "true"
		TargetFrameworkMoniker = ".NETFramework,Version%3Dv4.5"
		Debug.AspNetCompiler.VirtualPath = "/localhost_52182"
		Debug.AspNetCompiler.PhysicalPath = "..\..\WebSites\GoDaddy\"
		Debug.AspNetCompiler.TargetPath = "PrecompiledWeb\localhost_52182\"
		Debug.AspNetCompiler.Updateable = "true"
		Debug.AspNetCompiler.ForceOverwrite = "true"
		Debug.AspNetCompiler.FixedNames = "false"
		Debug.AspNetCompiler.Debug = "True"
		Release.AspNetCompiler.VirtualPath = "/localhost_52182"
		Release.AspNetCompiler.PhysicalPath = "..\..\WebSites\GoDaddy\"
		Release.AspNetCompiler.TargetPath = "PrecompiledWeb\localhost_52182\"
		Release.AspNetCompiler.Updateable = "true"
		Release.AspNetCompiler.ForceOverwrite = "true"
		Release.AspNetCompiler.FixedNames = "false"
		Release.AspNetCompiler.Debug = "False"
		SlnRelativePath = "..\..\WebSites\GoDaddy\"
		DefaultWebSiteLanguage = "Visual C#"
	EndProjectSection
EndProject
Global
	GlobalSection(SolutionConfigurationPlatforms) = preSolution
		Debug|Any CPU = Debug|Any CPU
	EndGlobalSection
	GlobalSection(ProjectConfigurationPlatforms) = postSolution
		{29ECEB84-742E-489C-B1E5-B67239250E1F}.Debug|Any CPU.ActiveCfg = Debug|Any CPU
		{29ECEB84-742E-489C-B1E5-B67239250E1F}.Debug|Any CPU.Build.0 = Debug|Any CPU
	EndGlobalSection
	GlobalSection(SolutionProperties) = preSolution
		HideSolutionNode = FALSE
	EndGlobalSection
EndGlobal
