
Microsoft Visual Studio Solution File, Format Version 12.00
# Visual Studio 2012
Project("{E24C65DC-7377-472B-9ABA-BC803B73C61A}") = "Example1", "http://localhost:58743", "{FCB20707-EECF-49BA-9602-9762D1E085C3}"
	ProjectSection(WebsiteProperties) = preProject
		Debug.AspNetCompiler.Debug = "True"
		Debug.AspNetCompiler.FixedNames = "false"
		Debug.AspNetCompiler.ForceOverwrite = "true"
		Debug.AspNetCompiler.PhysicalPath = "..\..\WebSites\Example1\"
		Debug.AspNetCompiler.TargetPath = "PrecompiledWeb\localhost_58743\"
		Debug.AspNetCompiler.Updateable = "true"
		Debug.AspNetCompiler.VirtualPath = "/localhost_58743"
		DefaultWebSiteLanguage = "Visual C#"
		Release.AspNetCompiler.Debug = "False"
		Release.AspNetCompiler.FixedNames = "false"
		Release.AspNetCompiler.ForceOverwrite = "true"
		Release.AspNetCompiler.PhysicalPath = "..\..\WebSites\Example1\"
		Release.AspNetCompiler.TargetPath = "PrecompiledWeb\localhost_58743\"
		Release.AspNetCompiler.Updateable = "true"
		Release.AspNetCompiler.VirtualPath = "/localhost_58743"
		SlnRelativePath = "..\..\WebSites\Example1\"
		TargetFrameworkMoniker = ".NETFramework,Version%3Dv4.5"
		UseIISExpress = "true"
	EndProjectSection
EndProject
Global
	GlobalSection(SolutionConfigurationPlatforms) = preSolution
		Debug|Any CPU = Debug|Any CPU
	EndGlobalSection
	GlobalSection(ProjectConfigurationPlatforms) = postSolution
		{FCB20707-EECF-49BA-9602-9762D1E085C3}.Debug|Any CPU.ActiveCfg = Debug|Any CPU
		{FCB20707-EECF-49BA-9602-9762D1E085C3}.Debug|Any CPU.Build.0 = Debug|Any CPU
	EndGlobalSection
	GlobalSection(SolutionProperties) = preSolution
		HideSolutionNode = FALSE
	EndGlobalSection
EndGlobal
